# THIS IS AN AUTOGENERATED FILE. DO NOT EDIT THIS FILE DIRECTLY.
# yarn lockfile v1


bn.js@4.11.6:
  version "4.11.6"
  resolved "http://registry.npm.taobao.org/bn.js/download/bn.js-4.11.6.tgz#53344adb14617a13f6e8dd2ce28905d1c0ba3215"

ethjs-abi@^0.2.1:
  version "0.2.1"
  resolved "http://registry.npm.taobao.org/ethjs-abi/download/ethjs-abi-0.2.1.tgz#e0a7a93a7e81163a94477bad56ede524ab6de533"
  dependencies:
    bn.js "4.11.6"
    js-sha3 "0.5.5"
    number-to-bn "1.7.0"

is-hex-prefixed@1.0.0:
  version "1.0.0"
  resolved "http://registry.npm.taobao.org/is-hex-prefixed/download/is-hex-prefixed-1.0.0.tgz#7d8d37e6ad77e5d127148913c573e082d777f554"

js-sha3@0.5.5:
  version "0.5.5"
  resolved "http://registry.npm.taobao.org/js-sha3/download/js-sha3-0.5.5.tgz#baf0c0e8c54ad5903447df96ade7a4a1bca79a4a"

number-to-bn@1.7.0:
  version "1.7.0"
  resolved "http://registry.npm.taobao.org/number-to-bn/download/number-to-bn-1.7.0.tgz#bb3623592f7e5f9e0030b1977bd41a0c53fe1ea0"
  dependencies:
    bn.js "4.11.6"
    strip-hex-prefix "1.0.0"

strip-hex-prefix@1.0.0:
  version "1.0.0"
  resolved "http://registry.npm.taobao.org/strip-hex-prefix/download/strip-hex-prefix-1.0.0.tgz#0c5f155fef1151373377de9dbb588da05500e36f"
  dependencies:
    is-hex-prefixed "1.0.0"
